// !$*UTF8*$!
{
	archiveVersion = 1;
	classes = {
	};
	objectVersion = 46;
	objects = {

/* Begin PBXBuildFile section */
		4628F8AE1C5421DB00B34429 /* BoumBoumAnalyzer.swift in Sources */ = {isa = PBXBuildFile; fileRef = 4628F8AD1C5421DB00B34429 /* BoumBoumAnalyzer.swift */; };
		4628F8B61C5506B200B34429 /* AppDelegate.swift in Sources */ = {isa = PBXBuildFile; fileRef = 4628F8B51C5506B200B34429 /* AppDelegate.swift */; };
		4628F8B81C5506B200B34429 /* ViewController.swift in Sources */ = {isa = PBXBuildFile; fileRef = 4628F8B71C5506B200B34429 /* ViewController.swift */; };
		4628F8BB1C5506B200B34429 /* Main.storyboard in Resources */ = {isa = PBXBuildFile; fileRef = 4628F8B91C5506B200B34429 /* Main.storyboard */; };
		4628F8BD1C5506B200B34429 /* Assets.xcassets in Resources */ = {isa = PBXBuildFile; fileRef = 4628F8BC1C5506B200B34429 /* Assets.xcassets */; };
		4628F8C01C5506B200B34429 /* LaunchScreen.storyboard in Resources */ = {isa = PBXBuildFile; fileRef = 4628F8BE1C5506B200B34429 /* LaunchScreen.storyboard */; };
		4628F8C71C550BE000B34429 /* BoumBoum.framework in Frameworks */ = {isa = PBXBuildFile; fileRef = 46B0A1211C4FFDDE0016C2AA /* BoumBoum.framework */; };
		46B0A1251C4FFDDE0016C2AA /* BoumBoum.h in Headers */ = {isa = PBXBuildFile; fileRef = 46B0A1241C4FFDDE0016C2AA /* BoumBoum.h */; settings = {ATTRIBUTES = (Public, ); }; };
		46B0A12D1C4FFE220016C2AA /* BoumBoum.swift in Sources */ = {isa = PBXBuildFile; fileRef = 46B0A12C1C4FFE220016C2AA /* BoumBoum.swift */; };
		46B0A1311C5002370016C2AA /* CVImageBuffer+RGBHSVAverage.swift in Sources */ = {isa = PBXBuildFile; fileRef = 46B0A1301C5002370016C2AA /* CVImageBuffer+RGBHSVAverage.swift */; };
		46D9C7171C550F3200373BF7 /* BoumBoum.framework in Embed Frameworks */ = {isa = PBXBuildFile; fileRef = 46B0A1211C4FFDDE0016C2AA /* BoumBoum.framework */; settings = {ATTRIBUTES = (CodeSignOnCopy, RemoveHeadersOnCopy, ); }; };
/* End PBXBuildFile section */

/* Begin PBXContainerItemProxy section */
		4628F8C51C550BDC00B34429 /* PBXContainerItemProxy */ = {
			isa = PBXContainerItemProxy;
			containerPortal = 46B0A1181C4FFDDE0016C2AA /* Project object */;
			proxyType = 1;
			remoteGlobalIDString = 46B0A1201C4FFDDE0016C2AA;
			remoteInfo = BoumBoum;
		};
/* End PBXContainerItemProxy section */

/* Begin PBXCopyFilesBuildPhase section */
		46D9C7181C550F3200373BF7 /* Embed Frameworks */ = {
			isa = PBXCopyFilesBuildPhase;
			buildActionMask = 2147483647;
			dstPath = "";
			dstSubfolderSpec = 10;
			files = (
				46D9C7171C550F3200373BF7 /* BoumBoum.framework in Embed Frameworks */,
			);
			name = "Embed Frameworks";
			runOnlyForDeploymentPostprocessing = 0;
		};
/* End PBXCopyFilesBuildPhase section */

/* Begin PBXFileReference section */
		4628F8AD1C5421DB00B34429 /* BoumBoumAnalyzer.swift */ = {isa = PBXFileReference; fileEncoding = 4; lastKnownFileType = sourcecode.swift; path = BoumBoumAnalyzer.swift; sourceTree = "<group>"; };
		4628F8B31C5506B200B34429 /* BoumBoumExample.app */ = {isa = PBXFileReference; explicitFileType = wrapper.application; includeInIndex = 0; path = BoumBoumExample.app; sourceTree = BUILT_PRODUCTS_DIR; };
		4628F8B51C5506B200B34429 /* AppDelegate.swift */ = {isa = PBXFileReference; lastKnownFileType = sourcecode.swift; path = AppDelegate.swift; sourceTree = "<group>"; };
		4628F8B71C5506B200B34429 /* ViewController.swift */ = {isa = PBXFileReference; lastKnownFileType = sourcecode.swift; path = ViewController.swift; sourceTree = "<group>"; };
		4628F8BA1C5506B200B34429 /* Base */ = {isa = PBXFileReference; lastKnownFileType = file.storyboard; name = Base; path = Base.lproj/Main.storyboard; sourceTree = "<group>"; };
		4628F8BC1C5506B200B34429 /* Assets.xcassets */ = {isa = PBXFileReference; lastKnownFileType = folder.assetcatalog; path = Assets.xcassets; sourceTree = "<group>"; };
		4628F8BF1C5506B200B34429 /* Base */ = {isa = PBXFileReference; lastKnownFileType = file.storyboard; name = Base; path = Base.lproj/LaunchScreen.storyboard; sourceTree = "<group>"; };
		4628F8C11C5506B200B34429 /* Info.plist */ = {isa = PBXFileReference; lastKnownFileType = text.plist.xml; path = Info.plist; sourceTree = "<group>"; };
		46B0A1211C4FFDDE0016C2AA /* BoumBoum.framework */ = {isa = PBXFileReference; explicitFileType = wrapper.framework; includeInIndex = 0; path = BoumBoum.framework; sourceTree = BUILT_PRODUCTS_DIR; };
		46B0A1241C4FFDDE0016C2AA /* BoumBoum.h */ = {isa = PBXFileReference; lastKnownFileType = sourcecode.c.h; path = BoumBoum.h; sourceTree = "<group>"; };
		46B0A1261C4FFDDE0016C2AA /* Info.plist */ = {isa = PBXFileReference; lastKnownFileType = text.plist.xml; path = Info.plist; sourceTree = "<group>"; };
		46B0A12C1C4FFE220016C2AA /* BoumBoum.swift */ = {isa = PBXFileReference; fileEncoding = 4; lastKnownFileType = sourcecode.swift; path = BoumBoum.swift; sourceTree = "<group>"; };
		46B0A1301C5002370016C2AA /* CVImageBuffer+RGBHSVAverage.swift */ = {isa = PBXFileReference; fileEncoding = 4; lastKnownFileType = sourcecode.swift; path = "CVImageBuffer+RGBHSVAverage.swift"; sourceTree = "<group>"; };
/* End PBXFileReference section */

/* Begin PBXFrameworksBuildPhase section */
		4628F8B01C5506B200B34429 /* Frameworks */ = {
			isa = PBXFrameworksBuildPhase;
			buildActionMask = 2147483647;
			files = (
				4628F8C71C550BE000B34429 /* BoumBoum.framework in Frameworks */,
			);
			runOnlyForDeploymentPostprocessing = 0;
		};
		46B0A11D1C4FFDDE0016C2AA /* Frameworks */ = {
			isa = PBXFrameworksBuildPhase;
			buildActionMask = 2147483647;
			files = (
			);
			runOnlyForDeploymentPostprocessing = 0;
		};
/* End PBXFrameworksBuildPhase section */

/* Begin PBXGroup section */
		4628F8B41C5506B200B34429 /* BoumBoumExample */ = {
			isa = PBXGroup;
			children = (
				4628F8B51C5506B200B34429 /* AppDelegate.swift */,
				4628F8B71C5506B200B34429 /* ViewController.swift */,
				4628F8B91C5506B200B34429 /* Main.storyboard */,
				4628F8BC1C5506B200B34429 /* Assets.xcassets */,
				4628F8BE1C5506B200B34429 /* LaunchScreen.storyboard */,
				4628F8C11C5506B200B34429 /* Info.plist */,
			);
			path = BoumBoumExample;
			sourceTree = "<group>";
		};
		46B0A1171C4FFDDE0016C2AA = {
			isa = PBXGroup;
			children = (
				46B0A1231C4FFDDE0016C2AA /* BoumBoum */,
				4628F8B41C5506B200B34429 /* BoumBoumExample */,
				46B0A1221C4FFDDE0016C2AA /* Products */,
			);
			sourceTree = "<group>";
		};
		46B0A1221C4FFDDE0016C2AA /* Products */ = {
			isa = PBXGroup;
			children = (
				46B0A1211C4FFDDE0016C2AA /* BoumBoum.framework */,
				4628F8B31C5506B200B34429 /* BoumBoumExample.app */,
			);
			name = Products;
			sourceTree = "<group>";
		};
		46B0A1231C4FFDDE0016C2AA /* BoumBoum */ = {
			isa = PBXGroup;
			children = (
				46B0A1301C5002370016C2AA /* CVImageBuffer+RGBHSVAverage.swift */,
				4628F8AD1C5421DB00B34429 /* BoumBoumAnalyzer.swift */,
				46B0A12C1C4FFE220016C2AA /* BoumBoum.swift */,
				46B0A1241C4FFDDE0016C2AA /* BoumBoum.h */,
				46B0A1261C4FFDDE0016C2AA /* Info.plist */,
			);
			path = BoumBoum;
			sourceTree = "<group>";
		};
/* End PBXGroup section */

/* Begin PBXHeadersBuildPhase section */
		46B0A11E1C4FFDDE0016C2AA /* Headers */ = {
			isa = PBXHeadersBuildPhase;
			buildActionMask = 2147483647;
			files = (
				46B0A1251C4FFDDE0016C2AA /* BoumBoum.h in Headers */,
			);
			runOnlyForDeploymentPostprocessing = 0;
		};
/* End PBXHeadersBuildPhase section */

/* Begin PBXNativeTarget section */
		4628F8B21C5506B200B34429 /* BoumBoumExample */ = {
			isa = PBXNativeTarget;
			buildConfigurationList = 4628F8C21C5506B200B34429 /* Build configuration list for PBXNativeTarget "BoumBoumExample" */;
			buildPhases = (
				4628F8AF1C5506B200B34429 /* Sources */,
				4628F8B01C5506B200B34429 /* Frameworks */,
				4628F8B11C5506B200B34429 /* Resources */,
				46D9C7181C550F3200373BF7 /* Embed Frameworks */,
			);
			buildRules = (
			);
			dependencies = (
				4628F8C61C550BDC00B34429 /* PBXTargetDependency */,
			);
			name = BoumBoumExample;
			productName = BoumBoumExample;
			productReference = 4628F8B31C5506B200B34429 /* BoumBoumExample.app */;
			productType = "com.apple.product-type.application";
		};
		46B0A1201C4FFDDE0016C2AA /* BoumBoum */ = {
			isa = PBXNativeTarget;
			buildConfigurationList = 46B0A1291C4FFDDE0016C2AA /* Build configuration list for PBXNativeTarget "BoumBoum" */;
			buildPhases = (
				46B0A11C1C4FFDDE0016C2AA /* Sources */,
				46B0A11D1C4FFDDE0016C2AA /* Frameworks */,
				46B0A11E1C4FFDDE0016C2AA /* Headers */,
				46B0A11F1C4FFDDE0016C2AA /* Resources */,
			);
			buildRules = (
			);
			dependencies = (
			);
			name = BoumBoum;
			productName = BoumBoum;
			productReference = 46B0A1211C4FFDDE0016C2AA /* BoumBoum.framework */;
			productType = "com.apple.product-type.framework";
		};
/* End PBXNativeTarget section */

/* Begin PBXProject section */
		46B0A1181C4FFDDE0016C2AA /* Project object */ = {
			isa = PBXProject;
			attributes = {
				LastSwiftUpdateCheck = 0720;
				LastUpgradeCheck = 0720;
				ORGANIZATIONNAME = "Kevin Delannoy";
				TargetAttributes = {
					4628F8B21C5506B200B34429 = {
						CreatedOnToolsVersion = 7.2;
					};
					46B0A1201C4FFDDE0016C2AA = {
						CreatedOnToolsVersion = 7.2;
					};
				};
			};
			buildConfigurationList = 46B0A11B1C4FFDDE0016C2AA /* Build configuration list for PBXProject "BoumBoum" */;
			compatibilityVersion = "Xcode 3.2";
			developmentRegion = English;
			hasScannedForEncodings = 0;
			knownRegions = (
				en,
				Base,
			);
			mainGroup = 46B0A1171C4FFDDE0016C2AA;
			productRefGroup = 46B0A1221C4FFDDE0016C2AA /* Products */;
			projectDirPath = "";
			projectRoot = "";
			targets = (
				46B0A1201C4FFDDE0016C2AA /* BoumBoum */,
				4628F8B21C5506B200B34429 /* BoumBoumExample */,
			);
		};
/* End PBXProject section */

/* Begin PBXResourcesBuildPhase section */
		4628F8B11C5506B200B34429 /* Resources */ = {
			isa = PBXResourcesBuildPhase;
			buildActionMask = 2147483647;
			files = (
				4628F8C01C5506B200B34429 /* LaunchScreen.storyboard in Resources */,
				4628F8BD1C5506B200B34429 /* Assets.xcassets in Resources */,
				4628F8BB1C5506B200B34429 /* Main.storyboard in Resources */,
			);
			runOnlyForDeploymentPostprocessing = 0;
		};
		46B0A11F1C4FFDDE0016C2AA /* Resources */ = {
			isa = PBXResourcesBuildPhase;
			buildActionMask = 2147483647;
			files = (
			);
			runOnlyForDeploymentPostprocessing = 0;
		};
/* End PBXResourcesBuildPhase section */

/* Begin PBXSourcesBuildPhase section */
		4628F8AF1C5506B200B34429 /* Sources */ = {
			isa = PBXSourcesBuildPhase;
			buildActionMask = 2147483647;
			files = (
				4628F8B81C5506B200B34429 /* ViewController.swift in Sources */,
				4628F8B61C5506B200B34429 /* AppDelegate.swift in Sources */,
			);
			runOnlyForDeploymentPostprocessing = 0;
		};
		46B0A11C1C4FFDDE0016C2AA /* Sources */ = {
			isa = PBXSourcesBuildPhase;
			buildActionMask = 2147483647;
			files = (
				46B0A12D1C4FFE220016C2AA /* BoumBoum.swift in Sources */,
				4628F8AE1C5421DB00B34429 /* BoumBoumAnalyzer.swift in Sources */,
				46B0A1311C5002370016C2AA /* CVImageBuffer+RGBHSVAverage.swift in Sources */,
			);
			runOnlyForDeploymentPostprocessing = 0;
		};
/* End PBXSourcesBuildPhase section */

/* Begin PBXTargetDependency section */
		4628F8C61C550BDC00B34429 /* PBXTargetDependency */ = {
			isa = PBXTargetDependency;
			target = 46B0A1201C4FFDDE0016C2AA /* BoumBoum */;
			targetProxy = 4628F8C51C550BDC00B34429 /* PBXContainerItemProxy */;
		};
/* End PBXTargetDependency section */

/* Begin PBXVariantGroup section */
		4628F8B91C5506B200B34429 /* Main.storyboard */ = {
			isa = PBXVariantGroup;
			children = (
				4628F8BA1C5506B200B34429 /* Base */,
			);
			name = Main.storyboard;
			sourceTree = "<group>";
		};
		4628F8BE1C5506B200B34429 /* LaunchScreen.storyboard */ = {
			isa = PBXVariantGroup;
			children = (
				4628F8BF1C5506B200B34429 /* Base */,
			);
			name = LaunchScreen.storyboard;
			sourceTree = "<group>";
		};
/* End PBXVariantGroup section */

/* Begin XCBuildConfiguration section */
		4628F8C31C5506B200B34429 /* Debug */ = {
			isa = XCBuildConfiguration;
			buildSettings = {
				ASSETCATALOG_COMPILER_APPICON_NAME = AppIcon;
				EMBEDDED_CONTENT_CONTAINS_SWIFT = YES;
				INFOPLIST_FILE = BoumBoumExample/Info.plist;
				LD_RUNPATH_SEARCH_PATHS = "$(inherited) @executable_path/Frameworks";
				PRODUCT_BUNDLE_IDENTIFIER = be.delannoyk.BoumBoumExample;
				PRODUCT_NAME = "$(TARGET_NAME)";
			};
			name = Debug;
		};
		4628F8C41C5506B200B34429 /* Release */ = {
			isa = XCBuildConfiguration;
			buildSettings = {
				ASSETCATALOG_COMPILER_APPICON_NAME = AppIcon;
				EMBEDDED_CONTENT_CONTAINS_SWIFT = YES;
				INFOPLIST_FILE = BoumBoumExample/Info.plist;
				LD_RUNPATH_SEARCH_PATHS = "$(inherited) @executable_path/Frameworks";
				PRODUCT_BUNDLE_IDENTIFIER = be.delannoyk.BoumBoumExample;
				PRODUCT_NAME = "$(TARGET_NAME)";
			};
			name = Release;
		};
		46B0A1271C4FFDDE0016C2AA /* Debug */ = {
			isa = XCBuildConfiguration;
			buildSettings = {
				ALWAYS_SEARCH_USER_PATHS = NO;
				CLANG_CXX_LANGUAGE_STANDARD = "gnu++0x";
				CLANG_CXX_LIBRARY = "libc++";
				CLANG_ENABLE_MODULES = YES;
				CLANG_ENABLE_OBJC_ARC = YES;
				CLANG_WARN_BOOL_CONVERSION = YES;
				CLANG_WARN_CONSTANT_CONVERSION = YES;
				CLANG_WARN_DIRECT_OBJC_ISA_USAGE = YES_ERROR;
				CLANG_WARN_EMPTY_BODY = YES;
				CLANG_WARN_ENUM_CONVERSION = YES;
				CLANG_WARN_INT_CONVERSION = YES;
				CLANG_WARN_OBJC_ROOT_CLASS = YES_ERROR;
				CLANG_WARN_UNREACHABLE_CODE = YES;
				CLANG_WARN__DUPLICATE_METHOD_MATCH = YES;
				"CODE_SIGN_IDENTITY[sdk=iphoneos*]" = "iPhone Developer";
				COPY_PHASE_STRIP = NO;
				CURRENT_PROJECT_VERSION = 1;
				DEBUG_INFORMATION_FORMAT = dwarf;
				ENABLE_STRICT_OBJC_MSGSEND = YES;
				ENABLE_TESTABILITY = YES;
				GCC_C_LANGUAGE_STANDARD = gnu99;
				GCC_DYNAMIC_NO_PIC = NO;
				GCC_NO_COMMON_BLOCKS = YES;
				GCC_OPTIMIZATION_LEVEL = 0;
				GCC_PREPROCESSOR_DEFINITIONS = (
					"DEBUG=1",
					"$(inherited)",
				);
				GCC_WARN_64_TO_32_BIT_CONVERSION = YES;
				GCC_WARN_ABOUT_RETURN_TYPE = YES_ERROR;
				GCC_WARN_UNDECLARED_SELECTOR = YES;
				GCC_WARN_UNINITIALIZED_AUTOS = YES_AGGRESSIVE;
				GCC_WARN_UNUSED_FUNCTION = YES;
				GCC_WARN_UNUSED_VARIABLE = YES;
				IPHONEOS_DEPLOYMENT_TARGET = 9.2;
				MTL_ENABLE_DEBUG_INFO = YES;
				ONLY_ACTIVE_ARCH = YES;
				SDKROOT = iphoneos;
				SWIFT_OPTIMIZATION_LEVEL = "-Onone";
				TARGETED_DEVICE_FAMILY = "1,2";
				VERSIONING_SYSTEM = "apple-generic";
				VERSION_INFO_PREFIX = "";
			};
			name = Debug;
		};
		46B0A1281C4FFDDE0016C2AA /* Release */ = {
			isa = XCBuildConfiguration;
			buildSettings = {
				ALWAYS_SEARCH_USER_PATHS = NO;
				CLANG_CXX_LANGUAGE_STANDARD = "gnu++0x";
				CLANG_CXX_LIBRARY = "libc++";
				CLANG_ENABLE_MODULES = YES;
				CLANG_ENABLE_OBJC_ARC = YES;
				CLANG_WARN_BOOL_CONVERSION = YES;
				CLANG_WARN_CONSTANT_CONVERSION = YES;
				CLANG_WARN_DIRECT_OBJC_ISA_USAGE = YES_ERROR;
				CLANG_WARN_EMPTY_BODY = YES;
				CLANG_WARN_ENUM_CONVERSION = YES;
				CLANG_WARN_INT_CONVERSION = YES;
				CLANG_WARN_OBJC_ROOT_CLASS = YES_ERROR;
				CLANG_WARN_UNREACHABLE_CODE = YES;
				CLANG_WARN__DUPLICATE_METHOD_MATCH = YES;
				"CODE_SIGN_IDENTITY[sdk=iphoneos*]" = "iPhone Developer";
				COPY_PHASE_STRIP = NO;
				CURRENT_PROJECT_VERSION = 1;
				DEBUG_INFORMATION_FORMAT = "dwarf-with-dsym";
				ENABLE_NS_ASSERTIONS = NO;
				ENABLE_STRICT_OBJC_MSGSEND = YES;
				GCC_C_LANGUAGE_STANDARD = gnu99;
				GCC_NO_COMMON_BLOCKS = YES;
				GCC_WARN_64_TO_32_BIT_CONVERSION = YES;
				GCC_WARN_ABOUT_RETURN_TYPE = YES_ERROR;
				GCC_WARN_UNDECLARED_SELECTOR = YES;
				GCC_WARN_UNINITIALIZED_AUTOS = YES_AGGRESSIVE;
				GCC_WARN_UNUSED_FUNCTION = YES;
				GCC_WARN_UNUSED_VARIABLE = YES;
				IPHONEOS_DEPLOYMENT_TARGET = 9.2;
				MTL_ENABLE_DEBUG_INFO = NO;
				SDKROOT = iphoneos;
				TARGETED_DEVICE_FAMILY = "1,2";
				VALIDATE_PRODUCT = YES;
				VERSIONING_SYSTEM = "apple-generic";
				VERSION_INFO_PREFIX = "";
			};
			name = Release;
		};
		46B0A12A1C4FFDDE0016C2AA /* Debug */ = {
			isa = XCBuildConfiguration;
			buildSettings = {
				CLANG_ENABLE_MODULES = YES;
				DEFINES_MODULE = YES;
				DYLIB_COMPATIBILITY_VERSION = 1;
				DYLIB_CURRENT_VERSION = 1;
				DYLIB_INSTALL_NAME_BASE = "@rpath";
				INFOPLIST_FILE = BoumBoum/Info.plist;
				INSTALL_PATH = "$(LOCAL_LIBRARY_DIR)/Frameworks";
				LD_RUNPATH_SEARCH_PATHS = "$(inherited) @executable_path/Frameworks @loader_path/Frameworks";
				PRODUCT_BUNDLE_IDENTIFIER = be.delannoyk.BoumBoum;
				PRODUCT_NAME = "$(TARGET_NAME)";
				SKIP_INSTALL = YES;
				SWIFT_OPTIMIZATION_LEVEL = "-Onone";
			};
			name = Debug;
		};
		46B0A12B1C4FFDDE0016C2AA /* Release */ = {
			isa = XCBuildConfiguration;
			buildSettings = {
				CLANG_ENABLE_MODULES = YES;
				DEFINES_MODULE = YES;
				DYLIB_COMPATIBILITY_VERSION = 1;
				DYLIB_CURRENT_VERSION = 1;
				DYLIB_INSTALL_NAME_BASE = "@rpath";
				INFOPLIST_FILE = BoumBoum/Info.plist;
				INSTALL_PATH = "$(LOCAL_LIBRARY_DIR)/Frameworks";
				LD_RUNPATH_SEARCH_PATHS = "$(inherited) @executable_path/Frameworks @loader_path/Frameworks";
				PRODUCT_BUNDLE_IDENTIFIER = be.delannoyk.BoumBoum;
				PRODUCT_NAME = "$(TARGET_NAME)";
				SKIP_INSTALL = YES;
			};
			name = Release;
		};
/* End XCBuildConfiguration section */

/* Begin XCConfigurationList section */
		4628F8C21C5506B200B34429 /* Build configuration list for PBXNativeTarget "BoumBoumExample" */ = {
			isa = XCConfigurationList;
			buildConfigurations = (
				4628F8C31C5506B200B34429 /* Debug */,
				4628F8C41C5506B200B34429 /* Release */,
			);
			defaultConfigurationIsVisible = 0;
			defaultConfigurationName = Release;
		};
		46B0A11B1C4FFDDE0016C2AA /* Build configuration list for PBXProject "BoumBoum" */ = {
			isa = XCConfigurationList;
			buildConfigurations = (
				46B0A1271C4FFDDE0016C2AA /* Debug */,
				46B0A1281C4FFDDE0016C2AA /* Release */,
			);
			defaultConfigurationIsVisible = 0;
			defaultConfigurationName = Release;
		};
		46B0A1291C4FFDDE0016C2AA /* Build configuration list for PBXNativeTarget "BoumBoum" */ = {
			isa = XCConfigurationList;
			buildConfigurations = (
				46B0A12A1C4FFDDE0016C2AA /* Debug */,
				46B0A12B1C4FFDDE0016C2AA /* Release */,
			);
			defaultConfigurationIsVisible = 0;
			defaultConfigurationName = Release;
		};
/* End XCConfigurationList section */
	};
	rootObject = 46B0A1181C4FFDDE0016C2AA /* Project object */;
}
